
Microsoft Visual Studio Solution File, Format Version 12.00
# Visual Studio 15
VisualStudioVersion = 15.0.28010.2046
MinimumVisualStudioVersion = 10.0.40219.1
Project("{FAE04EC0-301F-11D3-BF4B-00C04F79EFBC}") = "MoveOnGrid", "MoveOnGrid/MoveOnGrid.csproj", "{EF856CB4-0C3E-46F7-BCDB-CA8606A1812C}"
EndProject
Global
	GlobalSection(SolutionConfigurationPlatforms) = preSolution
		Debug|Any CPU = Debug|Any CPU
		Release|Any CPU = Release|Any CPU
	EndGlobalSection
	GlobalSection(ProjectConfigurationPlatforms) = postSolution
		{EF856CB4-0C3E-46F7-BCDB-CA8606A1812C}.Debug|Any CPU.ActiveCfg = Debug|Any CPU
		{EF856CB4-0C3E-46F7-BCDB-CA8606A1812C}.Debug|Any CPU.Build.0 = Debug|Any CPU
		{EF856CB4-0C3E-46F7-BCDB-CA8606A1812C}.Release|Any CPU.ActiveCfg = Release|Any CPU
		{EF856CB4-0C3E-46F7-BCDB-CA8606A1812C}.Release|Any CPU.Build.0 = Release|Any CPU
	EndGlobalSection
	GlobalSection(SolutionProperties) = preSolution
		HideSolutionNode = FALSE
	EndGlobalSection
	GlobalSection(ExtensibilityGlobals) = postSolution
		SolutionGuid = {BA322949-8B96-464C-83B3-B2E5A91841F2}
	EndGlobalSection
EndGlobal
